
Microsoft Visual Studio Solution File, Format Version 12.00
# Visual Studio Version 16
VisualStudioVersion = 16.0.30503.244
MinimumVisualStudioVersion = 10.0.40219.1
Project("{FAE04EC0-301F-11D3-BF4B-00C04F79EFBC}") = "Fluent.Expression.Evaluator", "Fluent.Expression.Evaluator.csproj", "{D5E1F127-6E4C-45CE-BDC9-A9DB25367AAB}"
EndProject
Global
	GlobalSection(SolutionConfigurationPlatforms) = preSolution
		Debug|Any CPU = Debug|Any CPU
		Release|Any CPU = Release|Any CPU
	EndGlobalSection
	GlobalSection(ProjectConfigurationPlatforms) = postSolution
		{D5E1F127-6E4C-45CE-BDC9-A9DB25367AAB}.Debug|Any CPU.ActiveCfg = Debug|Any CPU
		{D5E1F127-6E4C-45CE-BDC9-A9DB25367AAB}.Debug|Any CPU.Build.0 = Debug|Any CPU
		{D5E1F127-6E4C-45CE-BDC9-A9DB25367AAB}.Release|Any CPU.ActiveCfg = Release|Any CPU
		{D5E1F127-6E4C-45CE-BDC9-A9DB25367AAB}.Release|Any CPU.Build.0 = Release|Any CPU
	EndGlobalSection
	GlobalSection(SolutionProperties) = preSolution
		HideSolutionNode = FALSE
	EndGlobalSection
	GlobalSection(ExtensibilityGlobals) = postSolution
		SolutionGuid = {CE4A540D-6265-4B0E-A83F-B6A3837AD890}
	EndGlobalSection
EndGlobal
